
Microsoft Visual Studio Solution File, Format Version 12.00
# Visual Studio 15
VisualStudioVersion = 15.0.27004.2006
MinimumVisualStudioVersion = 10.0.40219.1
Project("{2150E333-8FDC-42A3-9474-1A3956D46DE8}") = "src", "src", "{378E295C-FB89-4011-A0DC-C9E3E1E1C7A7}"
EndProject
Project("{2150E333-8FDC-42A3-9474-1A3956D46DE8}") = "tests", "tests", "{6C6CAF2F-982F-4755-B756-FD3181B85B89}"
EndProject
Project("{9A19103F-16F7-4668-BE54-9A1E7A4F7556}") = "FluentImposter.Core", "src\FluentImposter.Core\FluentImposter.Core.csproj", "{633044E5-4073-4BCA-A79E-8E8F5E3AF3C4}"
EndProject
Project("{FAE04EC0-301F-11D3-BF4B-00C04F79EFBC}") = "FluentImposter.Core.Tests.Unit", "tests\FluentImposter.Core.Tests.Unit\FluentImposter.Core.Tests.Unit.csproj", "{969962D8-24ED-44E0-AA3F-951A25289D25}"
EndProject
Project("{9A19103F-16F7-4668-BE54-9A1E7A4F7556}") = "FluentImposter.AspnetCore", "src\FluentImposter.AspnetCore\FluentImposter.AspnetCore.csproj", "{008FFBF2-4FA5-4C48-A05A-00217B2EE7CB}"
EndProject
Project("{FAE04EC0-301F-11D3-BF4B-00C04F79EFBC}") = "FluentImposter.AspnetCore.Tests.Integration", "tests\FluentImposter.AspnetCore.Tests.Integration\FluentImposter.AspnetCore.Tests.Integration.csproj", "{A40AE757-DC54-497C-A62B-C8DC1616AA33}"
EndProject
Project("{9A19103F-16F7-4668-BE54-9A1E7A4F7556}") = "FluentImposter.DataStore.AwsDynamoDb", "src\FluentImposter.DataStore.AwsDynamoDb\FluentImposter.DataStore.AwsDynamoDb.csproj", "{008990E4-4275-4EEB-BD64-6F8215404E12}"
EndProject
Project("{9A19103F-16F7-4668-BE54-9A1E7A4F7556}") = "SampleClientService", "src\SampleClient\SampleClientService\SampleClientService.csproj", "{032E451D-76F3-47FE-9EB8-DE04971ABB40}"
EndProject
Project("{2150E333-8FDC-42A3-9474-1A3956D46DE8}") = "Solution Items", "Solution Items", "{08DCA339-17A8-49BC-A47E-0D19C9C335D2}"
	ProjectSection(SolutionItems) = preProject
		build.cake = build.cake
		Build.ps1 = Build.ps1
		tools\packages.config = tools\packages.config
	EndProjectSection
EndProject
Project("{FAE04EC0-301F-11D3-BF4B-00C04F79EFBC}") = "FluentImposter.DataStore.AwsDynamoDb.Tests.Integration", "tests\FluentImposter.DataStore.AwsDynamoDb.Tests.Integration\FluentImposter.DataStore.AwsDynamoDb.Tests.Integration.csproj", "{015CCBD3-1EFF-4838-A294-57BFD0D2326B}"
EndProject
Global
	GlobalSection(SolutionConfigurationPlatforms) = preSolution
		Debug|Any CPU = Debug|Any CPU
		Release|Any CPU = Release|Any CPU
	EndGlobalSection
	GlobalSection(ProjectConfigurationPlatforms) = postSolution
		{633044E5-4073-4BCA-A79E-8E8F5E3AF3C4}.Debug|Any CPU.ActiveCfg = Debug|Any CPU
		{633044E5-4073-4BCA-A79E-8E8F5E3AF3C4}.Debug|Any CPU.Build.0 = Debug|Any CPU
		{633044E5-4073-4BCA-A79E-8E8F5E3AF3C4}.Release|Any CPU.ActiveCfg = Release|Any CPU
		{633044E5-4073-4BCA-A79E-8E8F5E3AF3C4}.Release|Any CPU.Build.0 = Release|Any CPU
		{969962D8-24ED-44E0-AA3F-951A25289D25}.Debug|Any CPU.ActiveCfg = Debug|Any CPU
		{969962D8-24ED-44E0-AA3F-951A25289D25}.Debug|Any CPU.Build.0 = Debug|Any CPU
		{969962D8-24ED-44E0-AA3F-951A25289D25}.Release|Any CPU.ActiveCfg = Release|Any CPU
		{969962D8-24ED-44E0-AA3F-951A25289D25}.Release|Any CPU.Build.0 = Release|Any CPU
		{008FFBF2-4FA5-4C48-A05A-00217B2EE7CB}.Debug|Any CPU.ActiveCfg = Debug|Any CPU
		{008FFBF2-4FA5-4C48-A05A-00217B2EE7CB}.Debug|Any CPU.Build.0 = Debug|Any CPU
		{008FFBF2-4FA5-4C48-A05A-00217B2EE7CB}.Release|Any CPU.ActiveCfg = Release|Any CPU
		{008FFBF2-4FA5-4C48-A05A-00217B2EE7CB}.Release|Any CPU.Build.0 = Release|Any CPU
		{A40AE757-DC54-497C-A62B-C8DC1616AA33}.Debug|Any CPU.ActiveCfg = Debug|Any CPU
		{A40AE757-DC54-497C-A62B-C8DC1616AA33}.Debug|Any CPU.Build.0 = Debug|Any CPU
		{A40AE757-DC54-497C-A62B-C8DC1616AA33}.Release|Any CPU.ActiveCfg = Release|Any CPU
		{A40AE757-DC54-497C-A62B-C8DC1616AA33}.Release|Any CPU.Build.0 = Release|Any CPU
		{008990E4-4275-4EEB-BD64-6F8215404E12}.Debug|Any CPU.ActiveCfg = Debug|Any CPU
		{008990E4-4275-4EEB-BD64-6F8215404E12}.Debug|Any CPU.Build.0 = Debug|Any CPU
		{008990E4-4275-4EEB-BD64-6F8215404E12}.Release|Any CPU.ActiveCfg = Release|Any CPU
		{008990E4-4275-4EEB-BD64-6F8215404E12}.Release|Any CPU.Build.0 = Release|Any CPU
		{032E451D-76F3-47FE-9EB8-DE04971ABB40}.Debug|Any CPU.ActiveCfg = Debug|Any CPU
		{032E451D-76F3-47FE-9EB8-DE04971ABB40}.Debug|Any CPU.Build.0 = Debug|Any CPU
		{032E451D-76F3-47FE-9EB8-DE04971ABB40}.Release|Any CPU.ActiveCfg = Release|Any CPU
		{032E451D-76F3-47FE-9EB8-DE04971ABB40}.Release|Any CPU.Build.0 = Release|Any CPU
		{015CCBD3-1EFF-4838-A294-57BFD0D2326B}.Debug|Any CPU.ActiveCfg = Debug|Any CPU
		{015CCBD3-1EFF-4838-A294-57BFD0D2326B}.Debug|Any CPU.Build.0 = Debug|Any CPU
		{015CCBD3-1EFF-4838-A294-57BFD0D2326B}.Release|Any CPU.ActiveCfg = Release|Any CPU
		{015CCBD3-1EFF-4838-A294-57BFD0D2326B}.Release|Any CPU.Build.0 = Release|Any CPU
	EndGlobalSection
	GlobalSection(SolutionProperties) = preSolution
		HideSolutionNode = FALSE
	EndGlobalSection
	GlobalSection(NestedProjects) = preSolution
		{633044E5-4073-4BCA-A79E-8E8F5E3AF3C4} = {378E295C-FB89-4011-A0DC-C9E3E1E1C7A7}
		{969962D8-24ED-44E0-AA3F-951A25289D25} = {6C6CAF2F-982F-4755-B756-FD3181B85B89}
		{008FFBF2-4FA5-4C48-A05A-00217B2EE7CB} = {378E295C-FB89-4011-A0DC-C9E3E1E1C7A7}
		{A40AE757-DC54-497C-A62B-C8DC1616AA33} = {6C6CAF2F-982F-4755-B756-FD3181B85B89}
		{008990E4-4275-4EEB-BD64-6F8215404E12} = {378E295C-FB89-4011-A0DC-C9E3E1E1C7A7}
		{032E451D-76F3-47FE-9EB8-DE04971ABB40} = {378E295C-FB89-4011-A0DC-C9E3E1E1C7A7}
		{015CCBD3-1EFF-4838-A294-57BFD0D2326B} = {6C6CAF2F-982F-4755-B756-FD3181B85B89}
	EndGlobalSection
	GlobalSection(ExtensibilityGlobals) = postSolution
		SolutionGuid = {1F8BF240-FF57-4BA8-8EA9-1C1C4FA5FB94}
	EndGlobalSection
EndGlobal
